# This file was autogenerated by Stack.
# You should not edit this file by hand.
# For more information, please see the documentation at:
#   https://docs.haskellstack.org/en/stable/lock_files

packages:
- completed:
    hackage: directory-1.3.7.1@sha256:7d16bf127fb303bd69d9c433bb146c5815f9690933af1d5a6ee45dea2e536dc5,2971
    pantry-tree:
      sha256: 8fe5d578685d85c0cdb6cd6f342fe85b99968055a6e70802fcaad56caa1f6362
      size: 3503
  original:
    hackage: directory-1.3.7.1
snapshots:
- completed:
    sha256: 2fc12a405ab6f7eac73eb11a0ca5ccca0e956bd2848db780c140b7406ff9ebb5
    size: 640035
    url: https://raw.githubusercontent.com/commercialhaskell/stackage-snapshots/master/lts/21/9.yaml
  original:
    url: https://raw.githubusercontent.com/commercialhaskell/stackage-snapshots/master/lts/21/9.yaml
